
Microsoft Visual Studio Solution File, Format Version 12.00
# Visual Studio Version 17
VisualStudioVersion = 17.8.34322.80
MinimumVisualStudioVersion = 10.0.40219.1
Project("{FAE04EC0-301F-11D3-BF4B-00C04F79EFBC}") = "ExamOne", "ExamOne\ExamOne.csproj", "{5AFC4078-939F-489B-96C0-5974C601C03C}"
EndProject
Global
	GlobalSection(SolutionConfigurationPlatforms) = preSolution
		Debug|Any CPU = Debug|Any CPU
		Release|Any CPU = Release|Any CPU
	EndGlobalSection
	GlobalSection(ProjectConfigurationPlatforms) = postSolution
		{5AFC4078-939F-489B-96C0-5974C601C03C}.Debug|Any CPU.ActiveCfg = Debug|Any CPU
		{5AFC4078-939F-489B-96C0-5974C601C03C}.Debug|Any CPU.Build.0 = Debug|Any CPU
		{5AFC4078-939F-489B-96C0-5974C601C03C}.Release|Any CPU.ActiveCfg = Release|Any CPU
		{5AFC4078-939F-489B-96C0-5974C601C03C}.Release|Any CPU.Build.0 = Release|Any CPU
	EndGlobalSection
	GlobalSection(SolutionProperties) = preSolution
		HideSolutionNode = FALSE
	EndGlobalSection
	GlobalSection(ExtensibilityGlobals) = postSolution
		SolutionGuid = {3D965F4B-08FD-4365-B610-14325FD32517}
	EndGlobalSection
EndGlobal
